
Microsoft Visual Studio Solution File, Format Version 12.00
# Visual Studio Version 17
VisualStudioVersion = 17.8.34525.116
MinimumVisualStudioVersion = 10.0.40219.1
Project("{FAE04EC0-301F-11D3-BF4B-00C04F79EFBC}") = "StarDeltaTransform", "StarDeltaTransform\StarDeltaTransform.csproj", "{6C48CD82-449D-42D1-8BC7-FD2A04922D9C}"
EndProject
Global
	GlobalSection(SolutionConfigurationPlatforms) = preSolution
		Debug|Any CPU = Debug|Any CPU
		Release|Any CPU = Release|Any CPU
	EndGlobalSection
	GlobalSection(ProjectConfigurationPlatforms) = postSolution
		{6C48CD82-449D-42D1-8BC7-FD2A04922D9C}.Debug|Any CPU.ActiveCfg = Debug|Any CPU
		{6C48CD82-449D-42D1-8BC7-FD2A04922D9C}.Debug|Any CPU.Build.0 = Debug|Any CPU
		{6C48CD82-449D-42D1-8BC7-FD2A04922D9C}.Release|Any CPU.ActiveCfg = Release|Any CPU
		{6C48CD82-449D-42D1-8BC7-FD2A04922D9C}.Release|Any CPU.Build.0 = Release|Any CPU
	EndGlobalSection
	GlobalSection(SolutionProperties) = preSolution
		HideSolutionNode = FALSE
	EndGlobalSection
	GlobalSection(ExtensibilityGlobals) = postSolution
		SolutionGuid = {210EA127-C1CC-4411-9B3C-A939DFEC63C0}
	EndGlobalSection
EndGlobal
